
Microsoft Visual Studio Solution File, Format Version 12.00
# Visual Studio 15
VisualStudioVersion = 15.0.26124.0
MinimumVisualStudioVersion = 15.0.26124.0
Project("{FAE04EC0-301F-11D3-BF4B-00C04F79EFBC}") = "Domain", "Domain\Domain.csproj", "{E290D34D-7107-4153-98AB-998E820D36CA}"
EndProject
Project("{FAE04EC0-301F-11D3-BF4B-00C04F79EFBC}") = "Application", "Application\Application.csproj", "{80A108A9-1795-43AA-B0C8-98D9030D58BA}"
EndProject
Project("{FAE04EC0-301F-11D3-BF4B-00C04F79EFBC}") = "Persistence", "Persistence\Persistence.csproj", "{63E091E5-B481-4227-B248-D4A109CE210F}"
EndProject
Project("{FAE04EC0-301F-11D3-BF4B-00C04F79EFBC}") = "API", "API\API.csproj", "{E58F1E44-9699-47D7-BD90-A7C91A65EE95}"
EndProject
Global
	GlobalSection(SolutionConfigurationPlatforms) = preSolution
		Debug|Any CPU = Debug|Any CPU
		Debug|x64 = Debug|x64
		Debug|x86 = Debug|x86
		Release|Any CPU = Release|Any CPU
		Release|x64 = Release|x64
		Release|x86 = Release|x86
	EndGlobalSection
	GlobalSection(SolutionProperties) = preSolution
		HideSolutionNode = FALSE
	EndGlobalSection
	GlobalSection(ProjectConfigurationPlatforms) = postSolution
		{E290D34D-7107-4153-98AB-998E820D36CA}.Debug|Any CPU.ActiveCfg = Debug|Any CPU
		{E290D34D-7107-4153-98AB-998E820D36CA}.Debug|Any CPU.Build.0 = Debug|Any CPU
		{E290D34D-7107-4153-98AB-998E820D36CA}.Debug|x64.ActiveCfg = Debug|Any CPU
		{E290D34D-7107-4153-98AB-998E820D36CA}.Debug|x64.Build.0 = Debug|Any CPU
		{E290D34D-7107-4153-98AB-998E820D36CA}.Debug|x86.ActiveCfg = Debug|Any CPU
		{E290D34D-7107-4153-98AB-998E820D36CA}.Debug|x86.Build.0 = Debug|Any CPU
		{E290D34D-7107-4153-98AB-998E820D36CA}.Release|Any CPU.ActiveCfg = Release|Any CPU
		{E290D34D-7107-4153-98AB-998E820D36CA}.Release|Any CPU.Build.0 = Release|Any CPU
		{E290D34D-7107-4153-98AB-998E820D36CA}.Release|x64.ActiveCfg = Release|Any CPU
		{E290D34D-7107-4153-98AB-998E820D36CA}.Release|x64.Build.0 = Release|Any CPU
		{E290D34D-7107-4153-98AB-998E820D36CA}.Release|x86.ActiveCfg = Release|Any CPU
		{E290D34D-7107-4153-98AB-998E820D36CA}.Release|x86.Build.0 = Release|Any CPU
		{80A108A9-1795-43AA-B0C8-98D9030D58BA}.Debug|Any CPU.ActiveCfg = Debug|Any CPU
		{80A108A9-1795-43AA-B0C8-98D9030D58BA}.Debug|Any CPU.Build.0 = Debug|Any CPU
		{80A108A9-1795-43AA-B0C8-98D9030D58BA}.Debug|x64.ActiveCfg = Debug|Any CPU
		{80A108A9-1795-43AA-B0C8-98D9030D58BA}.Debug|x64.Build.0 = Debug|Any CPU
		{80A108A9-1795-43AA-B0C8-98D9030D58BA}.Debug|x86.ActiveCfg = Debug|Any CPU
		{80A108A9-1795-43AA-B0C8-98D9030D58BA}.Debug|x86.Build.0 = Debug|Any CPU
		{80A108A9-1795-43AA-B0C8-98D9030D58BA}.Release|Any CPU.ActiveCfg = Release|Any CPU
		{80A108A9-1795-43AA-B0C8-98D9030D58BA}.Release|Any CPU.Build.0 = Release|Any CPU
		{80A108A9-1795-43AA-B0C8-98D9030D58BA}.Release|x64.ActiveCfg = Release|Any CPU
		{80A108A9-1795-43AA-B0C8-98D9030D58BA}.Release|x64.Build.0 = Release|Any CPU
		{80A108A9-1795-43AA-B0C8-98D9030D58BA}.Release|x86.ActiveCfg = Release|Any CPU
		{80A108A9-1795-43AA-B0C8-98D9030D58BA}.Release|x86.Build.0 = Release|Any CPU
		{63E091E5-B481-4227-B248-D4A109CE210F}.Debug|Any CPU.ActiveCfg = Debug|Any CPU
		{63E091E5-B481-4227-B248-D4A109CE210F}.Debug|Any CPU.Build.0 = Debug|Any CPU
		{63E091E5-B481-4227-B248-D4A109CE210F}.Debug|x64.ActiveCfg = Debug|Any CPU
		{63E091E5-B481-4227-B248-D4A109CE210F}.Debug|x64.Build.0 = Debug|Any CPU
		{63E091E5-B481-4227-B248-D4A109CE210F}.Debug|x86.ActiveCfg = Debug|Any CPU
		{63E091E5-B481-4227-B248-D4A109CE210F}.Debug|x86.Build.0 = Debug|Any CPU
		{63E091E5-B481-4227-B248-D4A109CE210F}.Release|Any CPU.ActiveCfg = Release|Any CPU
		{63E091E5-B481-4227-B248-D4A109CE210F}.Release|Any CPU.Build.0 = Release|Any CPU
		{63E091E5-B481-4227-B248-D4A109CE210F}.Release|x64.ActiveCfg = Release|Any CPU
		{63E091E5-B481-4227-B248-D4A109CE210F}.Release|x64.Build.0 = Release|Any CPU
		{63E091E5-B481-4227-B248-D4A109CE210F}.Release|x86.ActiveCfg = Release|Any CPU
		{63E091E5-B481-4227-B248-D4A109CE210F}.Release|x86.Build.0 = Release|Any CPU
		{E58F1E44-9699-47D7-BD90-A7C91A65EE95}.Debug|Any CPU.ActiveCfg = Debug|Any CPU
		{E58F1E44-9699-47D7-BD90-A7C91A65EE95}.Debug|Any CPU.Build.0 = Debug|Any CPU
		{E58F1E44-9699-47D7-BD90-A7C91A65EE95}.Debug|x64.ActiveCfg = Debug|Any CPU
		{E58F1E44-9699-47D7-BD90-A7C91A65EE95}.Debug|x64.Build.0 = Debug|Any CPU
		{E58F1E44-9699-47D7-BD90-A7C91A65EE95}.Debug|x86.ActiveCfg = Debug|Any CPU
		{E58F1E44-9699-47D7-BD90-A7C91A65EE95}.Debug|x86.Build.0 = Debug|Any CPU
		{E58F1E44-9699-47D7-BD90-A7C91A65EE95}.Release|Any CPU.ActiveCfg = Release|Any CPU
		{E58F1E44-9699-47D7-BD90-A7C91A65EE95}.Release|Any CPU.Build.0 = Release|Any CPU
		{E58F1E44-9699-47D7-BD90-A7C91A65EE95}.Release|x64.ActiveCfg = Release|Any CPU
		{E58F1E44-9699-47D7-BD90-A7C91A65EE95}.Release|x64.Build.0 = Release|Any CPU
		{E58F1E44-9699-47D7-BD90-A7C91A65EE95}.Release|x86.ActiveCfg = Release|Any CPU
		{E58F1E44-9699-47D7-BD90-A7C91A65EE95}.Release|x86.Build.0 = Release|Any CPU
	EndGlobalSection
EndGlobal
